
Microsoft Visual Studio Solution File, Format Version 12.00
# Visual Studio Version 17
VisualStudioVersion = 17.1.32210.238
MinimumVisualStudioVersion = 10.0.40219.1
Project("{8BC9CEB8-8B4A-11D0-8D11-00A0C91BC942}") = "NEON", "NEON.vcxproj", "{AF84CC0F-EE69-4491-93D8-E418D5838552}"
EndProject
Global
	GlobalSection(SolutionConfigurationPlatforms) = preSolution
		Debug|x64 = Debug|x64
		Debug|x86 = Debug|x86
		Release|x64 = Release|x64
		Release|x86 = Release|x86
	EndGlobalSection
	GlobalSection(ProjectConfigurationPlatforms) = postSolution
		{AF84CC0F-EE69-4491-93D8-E418D5838552}.Debug|x64.ActiveCfg = Debug|x64
		{AF84CC0F-EE69-4491-93D8-E418D5838552}.Debug|x64.Build.0 = Debug|x64
		{AF84CC0F-EE69-4491-93D8-E418D5838552}.Debug|x86.ActiveCfg = Debug|Win32
		{AF84CC0F-EE69-4491-93D8-E418D5838552}.Debug|x86.Build.0 = Debug|Win32
		{AF84CC0F-EE69-4491-93D8-E418D5838552}.Release|x64.ActiveCfg = Release|x64
		{AF84CC0F-EE69-4491-93D8-E418D5838552}.Release|x64.Build.0 = Release|x64
		{AF84CC0F-EE69-4491-93D8-E418D5838552}.Release|x86.ActiveCfg = Release|Win32
		{AF84CC0F-EE69-4491-93D8-E418D5838552}.Release|x86.Build.0 = Release|Win32
	EndGlobalSection
	GlobalSection(SolutionProperties) = preSolution
		HideSolutionNode = FALSE
	EndGlobalSection
	GlobalSection(ExtensibilityGlobals) = postSolution
		SolutionGuid = {32DF3BF6-E594-4E89-8C43-E19D6FE0FECE}
	EndGlobalSection
EndGlobal
